# Code generated by scarb DO NOT EDIT.
version = 1

[[package]]
name = "orion_data_structures"
version = "0.1.0"
dependencies = [
 "orion_numbers",
]

[[package]]
name = "orion_dl"
version = "0.1.0"
dependencies = [
 "orion_data_structures",
 "orion_numbers",
]

[[package]]
name = "orion_numbers"
version = "0.1.0"

[[package]]
name = "sum_reduce_nd"
version = "0.1.0"
dependencies = [
 "orion_dl",
 "orion_numbers",
]
